
Microsoft Visual Studio Solution File, Format Version 12.00
# Visual Studio Version 16
VisualStudioVersion = 16.0.30717.126
MinimumVisualStudioVersion = 10.0.40219.1
Project("{2150E333-8FDC-42A3-9474-1A3956D46DE8}") = "ApiGateways", "ApiGateways", "{21527F6F-E5CF-4393-864A-0B8F72932040}"
EndProject
Project("{2150E333-8FDC-42A3-9474-1A3956D46DE8}") = "src", "src", "{2D0B50F5-D570-44F2-A123-A062EB94DDE3}"
EndProject
Project("{2150E333-8FDC-42A3-9474-1A3956D46DE8}") = "Services", "Services", "{02C4C444-EEE7-4AC8-BB69-FD482E2911CA}"
EndProject
Project("{2150E333-8FDC-42A3-9474-1A3956D46DE8}") = "Web Apps", "Web Apps", "{8552CECB-8D79-44A0-959A-0FD8166BA973}"
EndProject
Project("{2150E333-8FDC-42A3-9474-1A3956D46DE8}") = "tests", "tests", "{4B8F9244-B4F0-47B9-9195-F3C110535625}"
EndProject
Project("{9A19103F-16F7-4668-BE54-9A1E7A4F7556}") = "WebMVC", "WebMVC\WebMVC.csproj", "{5682408A-A2D0-4070-B660-5DFEF533ECCB}"
EndProject
Project("{9A19103F-16F7-4668-BE54-9A1E7A4F7556}") = "CoolDeli.Database", "CoolDeli.Database\CoolDeli.Database.csproj", "{2ACAA050-6EE3-4D5A-90DF-8F08DC9C8346}"
EndProject
Project("{9A19103F-16F7-4668-BE54-9A1E7A4F7556}") = "ProductService.API", "ProductService.API\ProductService.API.csproj", "{B665BEAC-163A-4DC1-A79F-D557D29E150C}"
EndProject
Project("{9A19103F-16F7-4668-BE54-9A1E7A4F7556}") = "OrderSevice.API", "OrderSevice.API\OrderSevice.API.csproj", "{9B2F70DB-7A6A-43D9-9591-9FD31DEE081A}"
EndProject
Project("{FAE04EC0-301F-11D3-BF4B-00C04F79EFBC}") = "APIGateway", "APIGateway\APIGateway.csproj", "{C8306CBB-F6CF-41FA-AC9B-E630E0713E69}"
EndProject
Global
	GlobalSection(SolutionConfigurationPlatforms) = preSolution
		Debug|Any CPU = Debug|Any CPU
		Release|Any CPU = Release|Any CPU
	EndGlobalSection
	GlobalSection(ProjectConfigurationPlatforms) = postSolution
		{5682408A-A2D0-4070-B660-5DFEF533ECCB}.Debug|Any CPU.ActiveCfg = Debug|Any CPU
		{5682408A-A2D0-4070-B660-5DFEF533ECCB}.Debug|Any CPU.Build.0 = Debug|Any CPU
		{5682408A-A2D0-4070-B660-5DFEF533ECCB}.Release|Any CPU.ActiveCfg = Release|Any CPU
		{5682408A-A2D0-4070-B660-5DFEF533ECCB}.Release|Any CPU.Build.0 = Release|Any CPU
		{2ACAA050-6EE3-4D5A-90DF-8F08DC9C8346}.Debug|Any CPU.ActiveCfg = Debug|Any CPU
		{2ACAA050-6EE3-4D5A-90DF-8F08DC9C8346}.Debug|Any CPU.Build.0 = Debug|Any CPU
		{2ACAA050-6EE3-4D5A-90DF-8F08DC9C8346}.Release|Any CPU.ActiveCfg = Release|Any CPU
		{2ACAA050-6EE3-4D5A-90DF-8F08DC9C8346}.Release|Any CPU.Build.0 = Release|Any CPU
		{B665BEAC-163A-4DC1-A79F-D557D29E150C}.Debug|Any CPU.ActiveCfg = Debug|Any CPU
		{B665BEAC-163A-4DC1-A79F-D557D29E150C}.Debug|Any CPU.Build.0 = Debug|Any CPU
		{B665BEAC-163A-4DC1-A79F-D557D29E150C}.Release|Any CPU.ActiveCfg = Release|Any CPU
		{B665BEAC-163A-4DC1-A79F-D557D29E150C}.Release|Any CPU.Build.0 = Release|Any CPU
		{9B2F70DB-7A6A-43D9-9591-9FD31DEE081A}.Debug|Any CPU.ActiveCfg = Debug|Any CPU
		{9B2F70DB-7A6A-43D9-9591-9FD31DEE081A}.Debug|Any CPU.Build.0 = Debug|Any CPU
		{9B2F70DB-7A6A-43D9-9591-9FD31DEE081A}.Release|Any CPU.ActiveCfg = Release|Any CPU
		{9B2F70DB-7A6A-43D9-9591-9FD31DEE081A}.Release|Any CPU.Build.0 = Release|Any CPU
		{C8306CBB-F6CF-41FA-AC9B-E630E0713E69}.Debug|Any CPU.ActiveCfg = Debug|Any CPU
		{C8306CBB-F6CF-41FA-AC9B-E630E0713E69}.Debug|Any CPU.Build.0 = Debug|Any CPU
		{C8306CBB-F6CF-41FA-AC9B-E630E0713E69}.Release|Any CPU.ActiveCfg = Release|Any CPU
		{C8306CBB-F6CF-41FA-AC9B-E630E0713E69}.Release|Any CPU.Build.0 = Release|Any CPU
	EndGlobalSection
	GlobalSection(SolutionProperties) = preSolution
		HideSolutionNode = FALSE
	EndGlobalSection
	GlobalSection(NestedProjects) = preSolution
		{21527F6F-E5CF-4393-864A-0B8F72932040} = {2D0B50F5-D570-44F2-A123-A062EB94DDE3}
		{02C4C444-EEE7-4AC8-BB69-FD482E2911CA} = {2D0B50F5-D570-44F2-A123-A062EB94DDE3}
		{8552CECB-8D79-44A0-959A-0FD8166BA973} = {2D0B50F5-D570-44F2-A123-A062EB94DDE3}
		{5682408A-A2D0-4070-B660-5DFEF533ECCB} = {8552CECB-8D79-44A0-959A-0FD8166BA973}
		{2ACAA050-6EE3-4D5A-90DF-8F08DC9C8346} = {02C4C444-EEE7-4AC8-BB69-FD482E2911CA}
		{B665BEAC-163A-4DC1-A79F-D557D29E150C} = {02C4C444-EEE7-4AC8-BB69-FD482E2911CA}
		{9B2F70DB-7A6A-43D9-9591-9FD31DEE081A} = {02C4C444-EEE7-4AC8-BB69-FD482E2911CA}
		{C8306CBB-F6CF-41FA-AC9B-E630E0713E69} = {21527F6F-E5CF-4393-864A-0B8F72932040}
	EndGlobalSection
	GlobalSection(ExtensibilityGlobals) = postSolution
		SolutionGuid = {741F48EB-3E9B-4DAD-B330-1A3D9D43296C}
	EndGlobalSection
EndGlobal
